// !$*UTF8*$!
{
	archiveVersion = 1;
	classes = {
	};
	objectVersion = 56;
	objects = {

/* Begin PBXBuildFile section */
		85C329F12C2ED45B00678D85 /* GoalMateApp.swift in Sources */ = {isa = PBXBuildFile; fileRef = 85C329F02C2ED45B00678D85 /* GoalMateApp.swift */; };
		85C329F32C2ED45B00678D85 /* ContentView.swift in Sources */ = {isa = PBXBuildFile; fileRef = 85C329F22C2ED45B00678D85 /* ContentView.swift */; };
		85C329F52C2ED45B00678D85 /* Item.swift in Sources */ = {isa = PBXBuildFile; fileRef = 85C329F42C2ED45B00678D85 /* Item.swift */; };
		85C329F72C2ED45F00678D85 /* Assets.xcassets in Resources */ = {isa = PBXBuildFile; fileRef = 85C329F62C2ED45F00678D85 /* Assets.xcassets */; };
		85C329FA2C2ED45F00678D85 /* Preview Assets.xcassets in Resources */ = {isa = PBXBuildFile; fileRef = 85C329F92C2ED45F00678D85 /* Preview Assets.xcassets */; };
		85C32A042C2ED46000678D85 /* GoalMateTests.swift in Sources */ = {isa = PBXBuildFile; fileRef = 85C32A032C2ED46000678D85 /* GoalMateTests.swift */; };
		85C32A0E2C2ED46000678D85 /* GoalMateUITests.swift in Sources */ = {isa = PBXBuildFile; fileRef = 85C32A0D2C2ED46000678D85 /* GoalMateUITests.swift */; };
		85C32A102C2ED46000678D85 /* GoalMateUITestsLaunchTests.swift in Sources */ = {isa = PBXBuildFile; fileRef = 85C32A0F2C2ED46000678D85 /* GoalMateUITestsLaunchTests.swift */; };
/* End PBXBuildFile section */

/* Begin PBXContainerItemProxy section */
		85C32A002C2ED46000678D85 /* PBXContainerItemProxy */ = {
			isa = PBXContainerItemProxy;
			containerPortal = 85C329E52C2ED45B00678D85 /* Project object */;
			proxyType = 1;
			remoteGlobalIDString = 85C329EC2C2ED45B00678D85;
			remoteInfo = GoalMate;
		};
		85C32A0A2C2ED46000678D85 /* PBXContainerItemProxy */ = {
			isa = PBXContainerItemProxy;
			containerPortal = 85C329E52C2ED45B00678D85 /* Project object */;
			proxyType = 1;
			remoteGlobalIDString = 85C329EC2C2ED45B00678D85;
			remoteInfo = GoalMate;
		};
/* End PBXContainerItemProxy section */

/* Begin PBXFileReference section */
		85C329ED2C2ED45B00678D85 /* GoalMate.app */ = {isa = PBXFileReference; explicitFileType = wrapper.application; includeInIndex = 0; path = GoalMate.app; sourceTree = BUILT_PRODUCTS_DIR; };
		85C329F02C2ED45B00678D85 /* GoalMateApp.swift */ = {isa = PBXFileReference; lastKnownFileType = sourcecode.swift; path = GoalMateApp.swift; sourceTree = "<group>"; };
		85C329F22C2ED45B00678D85 /* ContentView.swift */ = {isa = PBXFileReference; lastKnownFileType = sourcecode.swift; path = ContentView.swift; sourceTree = "<group>"; };
		85C329F42C2ED45B00678D85 /* Item.swift */ = {isa = PBXFileReference; lastKnownFileType = sourcecode.swift; path = Item.swift; sourceTree = "<group>"; };
		85C329F62C2ED45F00678D85 /* Assets.xcassets */ = {isa = PBXFileReference; lastKnownFileType = folder.assetcatalog; path = Assets.xcassets; sourceTree = "<group>"; };
		85C329F92C2ED45F00678D85 /* Preview Assets.xcassets */ = {isa = PBXFileReference; lastKnownFileType = folder.assetcatalog; path = "Preview Assets.xcassets"; sourceTree = "<group>"; };
		85C329FF2C2ED45F00678D85 /* GoalMateTests.xctest */ = {isa = PBXFileReference; explicitFileType = wrapper.cfbundle; includeInIndex = 0; path = GoalMateTests.xctest; sourceTree = BUILT_PRODUCTS_DIR; };
		85C32A032C2ED46000678D85 /* GoalMateTests.swift */ = {isa = PBXFileReference; lastKnownFileType = sourcecode.swift; path = GoalMateTests.swift; sourceTree = "<group>"; };
		85C32A092C2ED46000678D85 /* GoalMateUITests.xctest */ = {isa = PBXFileReference; explicitFileType = wrapper.cfbundle; includeInIndex = 0; path = GoalMateUITests.xctest; sourceTree = BUILT_PRODUCTS_DIR; };
		85C32A0D2C2ED46000678D85 /* GoalMateUITests.swift */ = {isa = PBXFileReference; lastKnownFileType = sourcecode.swift; path = GoalMateUITests.swift; sourceTree = "<group>"; };
		85C32A0F2C2ED46000678D85 /* GoalMateUITestsLaunchTests.swift */ = {isa = PBXFileReference; lastKnownFileType = sourcecode.swift; path = GoalMateUITestsLaunchTests.swift; sourceTree = "<group>"; };
/* End PBXFileReference section */

/* Begin PBXFrameworksBuildPhase section */
		85C329EA2C2ED45B00678D85 /* Frameworks */ = {
			isa = PBXFrameworksBuildPhase;
			buildActionMask = 2147483647;
			files = (
			);
			runOnlyForDeploymentPostprocessing = 0;
		};
		85C329FC2C2ED45F00678D85 /* Frameworks */ = {
			isa = PBXFrameworksBuildPhase;
			buildActionMask = 2147483647;
			files = (
			);
			runOnlyForDeploymentPostprocessing = 0;
		};
		85C32A062C2ED46000678D85 /* Frameworks */ = {
			isa = PBXFrameworksBuildPhase;
			buildActionMask = 2147483647;
			files = (
			);
			runOnlyForDeploymentPostprocessing = 0;
		};
/* End PBXFrameworksBuildPhase section */

/* Begin PBXGroup section */
		85C329E42C2ED45B00678D85 = {
			isa = PBXGroup;
			children = (
				85C329EF2C2ED45B00678D85 /* GoalMate */,
				85C32A022C2ED46000678D85 /* GoalMateTests */,
				85C32A0C2C2ED46000678D85 /* GoalMateUITests */,
				85C329EE2C2ED45B00678D85 /* Products */,
			);
			sourceTree = "<group>";
		};
		85C329EE2C2ED45B00678D85 /* Products */ = {
			isa = PBXGroup;
			children = (
				85C329ED2C2ED45B00678D85 /* GoalMate.app */,
				85C329FF2C2ED45F00678D85 /* GoalMateTests.xctest */,
				85C32A092C2ED46000678D85 /* GoalMateUITests.xctest */,
			);
			name = Products;
			sourceTree = "<group>";
		};
		85C329EF2C2ED45B00678D85 /* GoalMate */ = {
			isa = PBXGroup;
			children = (
				85C329F02C2ED45B00678D85 /* GoalMateApp.swift */,
				85C329F22C2ED45B00678D85 /* ContentView.swift */,
				85C329F42C2ED45B00678D85 /* Item.swift */,
				85C329F62C2ED45F00678D85 /* Assets.xcassets */,
				85C329F82C2ED45F00678D85 /* Preview Content */,
			);
			path = GoalMate;
			sourceTree = "<group>";
		};
		85C329F82C2ED45F00678D85 /* Preview Content */ = {
			isa = PBXGroup;
			children = (
				85C329F92C2ED45F00678D85 /* Preview Assets.xcassets */,
			);
			path = "Preview Content";
			sourceTree = "<group>";
		};
		85C32A022C2ED46000678D85 /* GoalMateTests */ = {
			isa = PBXGroup;
			children = (
				85C32A032C2ED46000678D85 /* GoalMateTests.swift */,
			);
			path = GoalMateTests;
			sourceTree = "<group>";
		};
		85C32A0C2C2ED46000678D85 /* GoalMateUITests */ = {
			isa = PBXGroup;
			children = (
				85C32A0D2C2ED46000678D85 /* GoalMateUITests.swift */,
				85C32A0F2C2ED46000678D85 /* GoalMateUITestsLaunchTests.swift */,
			);
			path = GoalMateUITests;
			sourceTree = "<group>";
		};
/* End PBXGroup section */

/* Begin PBXNativeTarget section */
		85C329EC2C2ED45B00678D85 /* GoalMate */ = {
			isa = PBXNativeTarget;
			buildConfigurationList = 85C32A132C2ED46000678D85 /* Build configuration list for PBXNativeTarget "GoalMate" */;
			buildPhases = (
				85C329E92C2ED45B00678D85 /* Sources */,
				85C329EA2C2ED45B00678D85 /* Frameworks */,
				85C329EB2C2ED45B00678D85 /* Resources */,
			);
			buildRules = (
			);
			dependencies = (
			);
			name = GoalMate;
			productName = GoalMate;
			productReference = 85C329ED2C2ED45B00678D85 /* GoalMate.app */;
			productType = "com.apple.product-type.application";
		};
		85C329FE2C2ED45F00678D85 /* GoalMateTests */ = {
			isa = PBXNativeTarget;
			buildConfigurationList = 85C32A162C2ED46000678D85 /* Build configuration list for PBXNativeTarget "GoalMateTests" */;
			buildPhases = (
				85C329FB2C2ED45F00678D85 /* Sources */,
				85C329FC2C2ED45F00678D85 /* Frameworks */,
				85C329FD2C2ED45F00678D85 /* Resources */,
			);
			buildRules = (
			);
			dependencies = (
				85C32A012C2ED46000678D85 /* PBXTargetDependency */,
			);
			name = GoalMateTests;
			productName = GoalMateTests;
			productReference = 85C329FF2C2ED45F00678D85 /* GoalMateTests.xctest */;
			productType = "com.apple.product-type.bundle.unit-test";
		};
		85C32A082C2ED46000678D85 /* GoalMateUITests */ = {
			isa = PBXNativeTarget;
			buildConfigurationList = 85C32A192C2ED46000678D85 /* Build configuration list for PBXNativeTarget "GoalMateUITests" */;
			buildPhases = (
				85C32A052C2ED46000678D85 /* Sources */,
				85C32A062C2ED46000678D85 /* Frameworks */,
				85C32A072C2ED46000678D85 /* Resources */,
			);
			buildRules = (
			);
			dependencies = (
				85C32A0B2C2ED46000678D85 /* PBXTargetDependency */,
			);
			name = GoalMateUITests;
			productName = GoalMateUITests;
			productReference = 85C32A092C2ED46000678D85 /* GoalMateUITests.xctest */;
			productType = "com.apple.product-type.bundle.ui-testing";
		};
/* End PBXNativeTarget section */

/* Begin PBXProject section */
		85C329E52C2ED45B00678D85 /* Project object */ = {
			isa = PBXProject;
			attributes = {
				BuildIndependentTargetsInParallel = 1;
				LastSwiftUpdateCheck = 1540;
				LastUpgradeCheck = 1540;
				TargetAttributes = {
					85C329EC2C2ED45B00678D85 = {
						CreatedOnToolsVersion = 15.4;
					};
					85C329FE2C2ED45F00678D85 = {
						CreatedOnToolsVersion = 15.4;
						TestTargetID = 85C329EC2C2ED45B00678D85;
					};
					85C32A082C2ED46000678D85 = {
						CreatedOnToolsVersion = 15.4;
						TestTargetID = 85C329EC2C2ED45B00678D85;
					};
				};
			};
			buildConfigurationList = 85C329E82C2ED45B00678D85 /* Build configuration list for PBXProject "GoalMate" */;
			compatibilityVersion = "Xcode 14.0";
			developmentRegion = en;
			hasScannedForEncodings = 0;
			knownRegions = (
				en,
				Base,
			);
			mainGroup = 85C329E42C2ED45B00678D85;
			productRefGroup = 85C329EE2C2ED45B00678D85 /* Products */;
			projectDirPath = "";
			projectRoot = "";
			targets = (
				85C329EC2C2ED45B00678D85 /* GoalMate */,
				85C329FE2C2ED45F00678D85 /* GoalMateTests */,
				85C32A082C2ED46000678D85 /* GoalMateUITests */,
			);
		};
/* End PBXProject section */

/* Begin PBXResourcesBuildPhase section */
		85C329EB2C2ED45B00678D85 /* Resources */ = {
			isa = PBXResourcesBuildPhase;
			buildActionMask = 2147483647;
			files = (
				85C329FA2C2ED45F00678D85 /* Preview Assets.xcassets in Resources */,
				85C329F72C2ED45F00678D85 /* Assets.xcassets in Resources */,
			);
			runOnlyForDeploymentPostprocessing = 0;
		};
		85C329FD2C2ED45F00678D85 /* Resources */ = {
			isa = PBXResourcesBuildPhase;
			buildActionMask = 2147483647;
			files = (
			);
			runOnlyForDeploymentPostprocessing = 0;
		};
		85C32A072C2ED46000678D85 /* Resources */ = {
			isa = PBXResourcesBuildPhase;
			buildActionMask = 2147483647;
			files = (
			);
			runOnlyForDeploymentPostprocessing = 0;
		};
/* End PBXResourcesBuildPhase section */

/* Begin PBXSourcesBuildPhase section */
		85C329E92C2ED45B00678D85 /* Sources */ = {
			isa = PBXSourcesBuildPhase;
			buildActionMask = 2147483647;
			files = (
				85C329F32C2ED45B00678D85 /* ContentView.swift in Sources */,
				85C329F52C2ED45B00678D85 /* Item.swift in Sources */,
				85C329F12C2ED45B00678D85 /* GoalMateApp.swift in Sources */,
			);
			runOnlyForDeploymentPostprocessing = 0;
		};
		85C329FB2C2ED45F00678D85 /* Sources */ = {
			isa = PBXSourcesBuildPhase;
			buildActionMask = 2147483647;
			files = (
				85C32A042C2ED46000678D85 /* GoalMateTests.swift in Sources */,
			);
			runOnlyForDeploymentPostprocessing = 0;
		};
		85C32A052C2ED46000678D85 /* Sources */ = {
			isa = PBXSourcesBuildPhase;
			buildActionMask = 2147483647;
			files = (
				85C32A102C2ED46000678D85 /* GoalMateUITestsLaunchTests.swift in Sources */,
				85C32A0E2C2ED46000678D85 /* GoalMateUITests.swift in Sources */,
			);
			runOnlyForDeploymentPostprocessing = 0;
		};
/* End PBXSourcesBuildPhase section */

/* Begin PBXTargetDependency section */
		85C32A012C2ED46000678D85 /* PBXTargetDependency */ = {
			isa = PBXTargetDependency;
			target = 85C329EC2C2ED45B00678D85 /* GoalMate */;
			targetProxy = 85C32A002C2ED46000678D85 /* PBXContainerItemProxy */;
		};
		85C32A0B2C2ED46000678D85 /* PBXTargetDependency */ = {
			isa = PBXTargetDependency;
			target = 85C329EC2C2ED45B00678D85 /* GoalMate */;
			targetProxy = 85C32A0A2C2ED46000678D85 /* PBXContainerItemProxy */;
		};
/* End PBXTargetDependency section */

/* Begin XCBuildConfiguration section */
		85C32A112C2ED46000678D85 /* Debug */ = {
			isa = XCBuildConfiguration;
			buildSettings = {
				ALWAYS_SEARCH_USER_PATHS = NO;
				ASSETCATALOG_COMPILER_GENERATE_SWIFT_ASSET_SYMBOL_EXTENSIONS = YES;
				CLANG_ANALYZER_NONNULL = YES;
				CLANG_ANALYZER_NUMBER_OBJECT_CONVERSION = YES_AGGRESSIVE;
				CLANG_CXX_LANGUAGE_STANDARD = "gnu++20";
				CLANG_ENABLE_MODULES = YES;
				CLANG_ENABLE_OBJC_ARC = YES;
				CLANG_ENABLE_OBJC_WEAK = YES;
				CLANG_WARN_BLOCK_CAPTURE_AUTORELEASING = YES;
				CLANG_WARN_BOOL_CONVERSION = YES;
				CLANG_WARN_COMMA = YES;
				CLANG_WARN_CONSTANT_CONVERSION = YES;
				CLANG_WARN_DEPRECATED_OBJC_IMPLEMENTATIONS = YES;
				CLANG_WARN_DIRECT_OBJC_ISA_USAGE = YES_ERROR;
				CLANG_WARN_DOCUMENTATION_COMMENTS = YES;
				CLANG_WARN_EMPTY_BODY = YES;
				CLANG_WARN_ENUM_CONVERSION = YES;
				CLANG_WARN_INFINITE_RECURSION = YES;
				CLANG_WARN_INT_CONVERSION = YES;
				CLANG_WARN_NON_LITERAL_NULL_CONVERSION = YES;
				CLANG_WARN_OBJC_IMPLICIT_RETAIN_SELF = YES;
				CLANG_WARN_OBJC_LITERAL_CONVERSION = YES;
				CLANG_WARN_OBJC_ROOT_CLASS = YES_ERROR;
				CLANG_WARN_QUOTED_INCLUDE_IN_FRAMEWORK_HEADER = YES;
				CLANG_WARN_RANGE_LOOP_ANALYSIS = YES;
				CLANG_WARN_STRICT_PROTOTYPES = YES;
				CLANG_WARN_SUSPICIOUS_MOVE = YES;
				CLANG_WARN_UNGUARDED_AVAILABILITY = YES_AGGRESSIVE;
				CLANG_WARN_UNREACHABLE_CODE = YES;
				CLANG_WARN__DUPLICATE_METHOD_MATCH = YES;
				COPY_PHASE_STRIP = NO;
				DEBUG_INFORMATION_FORMAT = dwarf;
				ENABLE_STRICT_OBJC_MSGSEND = YES;
				ENABLE_TESTABILITY = YES;
				ENABLE_USER_SCRIPT_SANDBOXING = YES;
				GCC_C_LANGUAGE_STANDARD = gnu17;
				GCC_DYNAMIC_NO_PIC = NO;
				GCC_NO_COMMON_BLOCKS = YES;
				GCC_OPTIMIZATION_LEVEL = 0;
				GCC_PREPROCESSOR_DEFINITIONS = (
					"DEBUG=1",
					"$(inherited)",
				);
				GCC_WARN_64_TO_32_BIT_CONVERSION = YES;
				GCC_WARN_ABOUT_RETURN_TYPE = YES_ERROR;
				GCC_WARN_UNDECLARED_SELECTOR = YES;
				GCC_WARN_UNINITIALIZED_AUTOS = YES_AGGRESSIVE;
				GCC_WARN_UNUSED_FUNCTION = YES;
				GCC_WARN_UNUSED_VARIABLE = YES;
				IPHONEOS_DEPLOYMENT_TARGET = 17.5;
				LOCALIZATION_PREFERS_STRING_CATALOGS = YES;
				MTL_ENABLE_DEBUG_INFO = INCLUDE_SOURCE;
				MTL_FAST_MATH = YES;
				ONLY_ACTIVE_ARCH = YES;
				SDKROOT = iphoneos;
				SWIFT_ACTIVE_COMPILATION_CONDITIONS = "DEBUG $(inherited)";
				SWIFT_OPTIMIZATION_LEVEL = "-Onone";
			};
			name = Debug;
		};
		85C32A122C2ED46000678D85 /* Release */ = {
			isa = XCBuildConfiguration;
			buildSettings = {
				ALWAYS_SEARCH_USER_PATHS = NO;
				ASSETCATALOG_COMPILER_GENERATE_SWIFT_ASSET_SYMBOL_EXTENSIONS = YES;
				CLANG_ANALYZER_NONNULL = YES;
				CLANG_ANALYZER_NUMBER_OBJECT_CONVERSION = YES_AGGRESSIVE;
				CLANG_CXX_LANGUAGE_STANDARD = "gnu++20";
				CLANG_ENABLE_MODULES = YES;
				CLANG_ENABLE_OBJC_ARC = YES;
				CLANG_ENABLE_OBJC_WEAK = YES;
				CLANG_WARN_BLOCK_CAPTURE_AUTORELEASING = YES;
				CLANG_WARN_BOOL_CONVERSION = YES;
				CLANG_WARN_COMMA = YES;
				CLANG_WARN_CONSTANT_CONVERSION = YES;
				CLANG_WARN_DEPRECATED_OBJC_IMPLEMENTATIONS = YES;
				CLANG_WARN_DIRECT_OBJC_ISA_USAGE = YES_ERROR;
				CLANG_WARN_DOCUMENTATION_COMMENTS = YES;
				CLANG_WARN_EMPTY_BODY = YES;
				CLANG_WARN_ENUM_CONVERSION = YES;
				CLANG_WARN_INFINITE_RECURSION = YES;
				CLANG_WARN_INT_CONVERSION = YES;
				CLANG_WARN_NON_LITERAL_NULL_CONVERSION = YES;
				CLANG_WARN_OBJC_IMPLICIT_RETAIN_SELF = YES;
				CLANG_WARN_OBJC_LITERAL_CONVERSION = YES;
				CLANG_WARN_OBJC_ROOT_CLASS = YES_ERROR;
				CLANG_WARN_QUOTED_INCLUDE_IN_FRAMEWORK_HEADER = YES;
				CLANG_WARN_RANGE_LOOP_ANALYSIS = YES;
				CLANG_WARN_STRICT_PROTOTYPES = YES;
				CLANG_WARN_SUSPICIOUS_MOVE = YES;
				CLANG_WARN_UNGUARDED_AVAILABILITY = YES_AGGRESSIVE;
				CLANG_WARN_UNREACHABLE_CODE = YES;
				CLANG_WARN__DUPLICATE_METHOD_MATCH = YES;
				COPY_PHASE_STRIP = NO;
				DEBUG_INFORMATION_FORMAT = "dwarf-with-dsym";
				ENABLE_NS_ASSERTIONS = NO;
				ENABLE_STRICT_OBJC_MSGSEND = YES;
				ENABLE_USER_SCRIPT_SANDBOXING = YES;
				GCC_C_LANGUAGE_STANDARD = gnu17;
				GCC_NO_COMMON_BLOCKS = YES;
				GCC_WARN_64_TO_32_BIT_CONVERSION = YES;
				GCC_WARN_ABOUT_RETURN_TYPE = YES_ERROR;
				GCC_WARN_UNDECLARED_SELECTOR = YES;
				GCC_WARN_UNINITIALIZED_AUTOS = YES_AGGRESSIVE;
				GCC_WARN_UNUSED_FUNCTION = YES;
				GCC_WARN_UNUSED_VARIABLE = YES;
				IPHONEOS_DEPLOYMENT_TARGET = 17.5;
				LOCALIZATION_PREFERS_STRING_CATALOGS = YES;
				MTL_ENABLE_DEBUG_INFO = NO;
				MTL_FAST_MATH = YES;
				SDKROOT = iphoneos;
				SWIFT_COMPILATION_MODE = wholemodule;
				VALIDATE_PRODUCT = YES;
			};
			name = Release;
		};
		85C32A142C2ED46000678D85 /* Debug */ = {
			isa = XCBuildConfiguration;
			buildSettings = {
				ASSETCATALOG_COMPILER_APPICON_NAME = AppIcon;
				ASSETCATALOG_COMPILER_GLOBAL_ACCENT_COLOR_NAME = AccentColor;
				CODE_SIGN_STYLE = Automatic;
				CURRENT_PROJECT_VERSION = 1;
				DEVELOPMENT_ASSET_PATHS = "\"GoalMate/Preview Content\"";
				DEVELOPMENT_TEAM = J5Y9Y5A5H2;
				ENABLE_PREVIEWS = YES;
				GENERATE_INFOPLIST_FILE = YES;
				INFOPLIST_KEY_UIApplicationSceneManifest_Generation = YES;
				INFOPLIST_KEY_UIApplicationSupportsIndirectInputEvents = YES;
				INFOPLIST_KEY_UILaunchScreen_Generation = YES;
				INFOPLIST_KEY_UISupportedInterfaceOrientations_iPad = "UIInterfaceOrientationPortrait UIInterfaceOrientationPortraitUpsideDown UIInterfaceOrientationLandscapeLeft UIInterfaceOrientationLandscapeRight";
				INFOPLIST_KEY_UISupportedInterfaceOrientations_iPhone = "UIInterfaceOrientationPortrait UIInterfaceOrientationLandscapeLeft UIInterfaceOrientationLandscapeRight";
				LD_RUNPATH_SEARCH_PATHS = (
					"$(inherited)",
					"@executable_path/Frameworks",
				);
				MARKETING_VERSION = 1.0;
				PRODUCT_BUNDLE_IDENTIFIER = MMCandCo.GoalMate;
				PRODUCT_NAME = "$(TARGET_NAME)";
				SWIFT_EMIT_LOC_STRINGS = YES;
				SWIFT_VERSION = 5.0;
				TARGETED_DEVICE_FAMILY = "1,2";
			};
			name = Debug;
		};
		85C32A152C2ED46000678D85 /* Release */ = {
			isa = XCBuildConfiguration;
			buildSettings = {
				ASSETCATALOG_COMPILER_APPICON_NAME = AppIcon;
				ASSETCATALOG_COMPILER_GLOBAL_ACCENT_COLOR_NAME = AccentColor;
				CODE_SIGN_STYLE = Automatic;
				CURRENT_PROJECT_VERSION = 1;
				DEVELOPMENT_ASSET_PATHS = "\"GoalMate/Preview Content\"";
				DEVELOPMENT_TEAM = J5Y9Y5A5H2;
				ENABLE_PREVIEWS = YES;
				GENERATE_INFOPLIST_FILE = YES;
				INFOPLIST_KEY_UIApplicationSceneManifest_Generation = YES;
				INFOPLIST_KEY_UIApplicationSupportsIndirectInputEvents = YES;
				INFOPLIST_KEY_UILaunchScreen_Generation = YES;
				INFOPLIST_KEY_UISupportedInterfaceOrientations_iPad = "UIInterfaceOrientationPortrait UIInterfaceOrientationPortraitUpsideDown UIInterfaceOrientationLandscapeLeft UIInterfaceOrientationLandscapeRight";
				INFOPLIST_KEY_UISupportedInterfaceOrientations_iPhone = "UIInterfaceOrientationPortrait UIInterfaceOrientationLandscapeLeft UIInterfaceOrientationLandscapeRight";
				LD_RUNPATH_SEARCH_PATHS = (
					"$(inherited)",
					"@executable_path/Frameworks",
				);
				MARKETING_VERSION = 1.0;
				PRODUCT_BUNDLE_IDENTIFIER = MMCandCo.GoalMate;
				PRODUCT_NAME = "$(TARGET_NAME)";
				SWIFT_EMIT_LOC_STRINGS = YES;
				SWIFT_VERSION = 5.0;
				TARGETED_DEVICE_FAMILY = "1,2";
			};
			name = Release;
		};
		85C32A172C2ED46000678D85 /* Debug */ = {
			isa = XCBuildConfiguration;
			buildSettings = {
				ALWAYS_EMBED_SWIFT_STANDARD_LIBRARIES = YES;
				BUNDLE_LOADER = "$(TEST_HOST)";
				CODE_SIGN_STYLE = Automatic;
				CURRENT_PROJECT_VERSION = 1;
				DEVELOPMENT_TEAM = J5Y9Y5A5H2;
				GENERATE_INFOPLIST_FILE = YES;
				IPHONEOS_DEPLOYMENT_TARGET = 17.5;
				MARKETING_VERSION = 1.0;
				PRODUCT_BUNDLE_IDENTIFIER = MMCandCo.GoalMateTests;
				PRODUCT_NAME = "$(TARGET_NAME)";
				SWIFT_EMIT_LOC_STRINGS = NO;
				SWIFT_VERSION = 5.0;
				TARGETED_DEVICE_FAMILY = "1,2";
				TEST_HOST = "$(BUILT_PRODUCTS_DIR)/GoalMate.app/$(BUNDLE_EXECUTABLE_FOLDER_PATH)/GoalMate";
			};
			name = Debug;
		};
		85C32A182C2ED46000678D85 /* Release */ = {
			isa = XCBuildConfiguration;
			buildSettings = {
				ALWAYS_EMBED_SWIFT_STANDARD_LIBRARIES = YES;
				BUNDLE_LOADER = "$(TEST_HOST)";
				CODE_SIGN_STYLE = Automatic;
				CURRENT_PROJECT_VERSION = 1;
				DEVELOPMENT_TEAM = J5Y9Y5A5H2;
				GENERATE_INFOPLIST_FILE = YES;
				IPHONEOS_DEPLOYMENT_TARGET = 17.5;
				MARKETING_VERSION = 1.0;
				PRODUCT_BUNDLE_IDENTIFIER = MMCandCo.GoalMateTests;
				PRODUCT_NAME = "$(TARGET_NAME)";
				SWIFT_EMIT_LOC_STRINGS = NO;
				SWIFT_VERSION = 5.0;
				TARGETED_DEVICE_FAMILY = "1,2";
				TEST_HOST = "$(BUILT_PRODUCTS_DIR)/GoalMate.app/$(BUNDLE_EXECUTABLE_FOLDER_PATH)/GoalMate";
			};
			name = Release;
		};
		85C32A1A2C2ED46000678D85 /* Debug */ = {
			isa = XCBuildConfiguration;
			buildSettings = {
				ALWAYS_EMBED_SWIFT_STANDARD_LIBRARIES = YES;
				CODE_SIGN_STYLE = Automatic;
				CURRENT_PROJECT_VERSION = 1;
				DEVELOPMENT_TEAM = J5Y9Y5A5H2;
				GENERATE_INFOPLIST_FILE = YES;
				MARKETING_VERSION = 1.0;
				PRODUCT_BUNDLE_IDENTIFIER = MMCandCo.GoalMateUITests;
				PRODUCT_NAME = "$(TARGET_NAME)";
				SWIFT_EMIT_LOC_STRINGS = NO;
				SWIFT_VERSION = 5.0;
				TARGETED_DEVICE_FAMILY = "1,2";
				TEST_TARGET_NAME = GoalMate;
			};
			name = Debug;
		};
		85C32A1B2C2ED46000678D85 /* Release */ = {
			isa = XCBuildConfiguration;
			buildSettings = {
				ALWAYS_EMBED_SWIFT_STANDARD_LIBRARIES = YES;
				CODE_SIGN_STYLE = Automatic;
				CURRENT_PROJECT_VERSION = 1;
				DEVELOPMENT_TEAM = J5Y9Y5A5H2;
				GENERATE_INFOPLIST_FILE = YES;
				MARKETING_VERSION = 1.0;
				PRODUCT_BUNDLE_IDENTIFIER = MMCandCo.GoalMateUITests;
				PRODUCT_NAME = "$(TARGET_NAME)";
				SWIFT_EMIT_LOC_STRINGS = NO;
				SWIFT_VERSION = 5.0;
				TARGETED_DEVICE_FAMILY = "1,2";
				TEST_TARGET_NAME = GoalMate;
			};
			name = Release;
		};
/* End XCBuildConfiguration section */

/* Begin XCConfigurationList section */
		85C329E82C2ED45B00678D85 /* Build configuration list for PBXProject "GoalMate" */ = {
			isa = XCConfigurationList;
			buildConfigurations = (
				85C32A112C2ED46000678D85 /* Debug */,
				85C32A122C2ED46000678D85 /* Release */,
			);
			defaultConfigurationIsVisible = 0;
			defaultConfigurationName = Release;
		};
		85C32A132C2ED46000678D85 /* Build configuration list for PBXNativeTarget "GoalMate" */ = {
			isa = XCConfigurationList;
			buildConfigurations = (
				85C32A142C2ED46000678D85 /* Debug */,
				85C32A152C2ED46000678D85 /* Release */,
			);
			defaultConfigurationIsVisible = 0;
			defaultConfigurationName = Release;
		};
		85C32A162C2ED46000678D85 /* Build configuration list for PBXNativeTarget "GoalMateTests" */ = {
			isa = XCConfigurationList;
			buildConfigurations = (
				85C32A172C2ED46000678D85 /* Debug */,
				85C32A182C2ED46000678D85 /* Release */,
			);
			defaultConfigurationIsVisible = 0;
			defaultConfigurationName = Release;
		};
		85C32A192C2ED46000678D85 /* Build configuration list for PBXNativeTarget "GoalMateUITests" */ = {
			isa = XCConfigurationList;
			buildConfigurations = (
				85C32A1A2C2ED46000678D85 /* Debug */,
				85C32A1B2C2ED46000678D85 /* Release */,
			);
			defaultConfigurationIsVisible = 0;
			defaultConfigurationName = Release;
		};
/* End XCConfigurationList section */
	};
	rootObject = 85C329E52C2ED45B00678D85 /* Project object */;
}
